
Microsoft Visual Studio Solution File, Format Version 12.00
# Visual Studio Version 17
VisualStudioVersion = 17.2.32519.379
MinimumVisualStudioVersion = 10.0.40219.1
Project("{888888A0-9F3D-457C-B088-3A5042F75D52}") = "Praktiline_töö_Rogovski", "Praktiline_töö_Rogovski.pyproj", "{C23CFCD0-DCB6-4C58-9729-654AA20FC193}"
EndProject
Global
	GlobalSection(SolutionConfigurationPlatforms) = preSolution
		Debug|Any CPU = Debug|Any CPU
		Release|Any CPU = Release|Any CPU
	EndGlobalSection
	GlobalSection(ProjectConfigurationPlatforms) = postSolution
		{C23CFCD0-DCB6-4C58-9729-654AA20FC193}.Debug|Any CPU.ActiveCfg = Debug|Any CPU
		{C23CFCD0-DCB6-4C58-9729-654AA20FC193}.Release|Any CPU.ActiveCfg = Release|Any CPU
	EndGlobalSection
	GlobalSection(SolutionProperties) = preSolution
		HideSolutionNode = FALSE
	EndGlobalSection
	GlobalSection(ExtensibilityGlobals) = postSolution
		SolutionGuid = {2A2472A1-DF22-4951-AF9C-E4F94F89D3E6}
	EndGlobalSection
EndGlobal
